PODS:
  - Flutter (1.0.0)
  - flutter_mozjpeg (0.0.2):
    - Flutter
    - mozjpeg (~> 4.0.3)
  - image_picker_ios (0.0.1):
    - Flutter
  - mozjpeg (4.0.3)
  - path_provider_foundation (0.0.1):
    - Flutter
    - FlutterMacOS

DEPENDENCIES:
  - Flutter (from `Flutter`)
  - flutter_mozjpeg (from `.symlinks/plugins/flutter_mozjpeg/ios`)
  - image_picker_ios (from `.symlinks/plugins/image_picker_ios/ios`)
  - mozjpeg (from `https://github.com/espresso3389/mozjpeg.git`)
  - path_provider_foundation (from `.symlinks/plugins/path_provider_foundation/darwin`)

EXTERNAL SOURCES:
  Flutter:
    :path: Flutter
  flutter_mozjpeg:
    :path: ".symlinks/plugins/flutter_mozjpeg/ios"
  image_picker_ios:
    :path: ".symlinks/plugins/image_picker_ios/ios"
  mozjpeg:
    :git: https://github.com/espresso3389/mozjpeg.git
  path_provider_foundation:
    :path: ".symlinks/plugins/path_provider_foundation/darwin"

CHECKOUT OPTIONS:
  mozjpeg:
    :commit: 656d4fe8aa5aaddbc837d599c3cb557410d367cd
    :git: https://github.com/espresso3389/mozjpeg.git

SPEC CHECKSUMS:
  Flutter: e0871f40cf51350855a761d2e70bf5af5b9b5de7
  flutter_mozjpeg: 432fcd3313ec9253d21c862a5ac0f26c534b671b
  image_picker_ios: b545a5f16c0fa88e3ecbbce3ed4de45567a8ec18
  mozjpeg: 4b5dda613b858b64c3a00385f67850f24fbafbd2
  path_provider_foundation: 3784922295ac71e43754bd15e0653ccfd36a147c

PODFILE CHECKSUM: 49bf96b1358e8898d2c45a3794eaae66b7584952

COCOAPODS: 1.15.2
